// !$*UTF8*$!
{
	archiveVersion = 1;
	classes = {
	};
	objectVersion = 46;
	objects = {

/* Begin PBXBuildFile section */
		8548852E1B1BBEC0001F5232 /* Picture.m in Sources */ = {isa = PBXBuildFile; fileRef = 8548852D1B1BBEC0001F5232 /* Picture.m */; };
		856C4E821B1BA2F700A68AF8 /* main.m in Sources */ = {isa = PBXBuildFile; fileRef = 856C4E811B1BA2F700A68AF8 /* main.m */; };
		856C4E851B1BA2F700A68AF8 /* AppDelegate.m in Sources */ = {isa = PBXBuildFile; fileRef = 856C4E841B1BA2F700A68AF8 /* AppDelegate.m */; };
		856C4E881B1BA2F700A68AF8 /* MyFaveViewController.m in Sources */ = {isa = PBXBuildFile; fileRef = 856C4E871B1BA2F700A68AF8 /* MyFaveViewController.m */; };
		856C4E8B1B1BA2F700A68AF8 /* Main.storyboard in Resources */ = {isa = PBXBuildFile; fileRef = 856C4E891B1BA2F700A68AF8 /* Main.storyboard */; };
		856C4E8D1B1BA2F700A68AF8 /* Images.xcassets in Resources */ = {isa = PBXBuildFile; fileRef = 856C4E8C1B1BA2F700A68AF8 /* Images.xcassets */; };
		856C4E901B1BA2F700A68AF8 /* LaunchScreen.xib in Resources */ = {isa = PBXBuildFile; fileRef = 856C4E8E1B1BA2F700A68AF8 /* LaunchScreen.xib */; };
		856C4E9C1B1BA2F700A68AF8 /* InstaFavesTests.m in Sources */ = {isa = PBXBuildFile; fileRef = 856C4E9B1B1BA2F700A68AF8 /* InstaFavesTests.m */; };
		856C4EA71B1BA6F300A68AF8 /* FaveCollectionViewCell.m in Sources */ = {isa = PBXBuildFile; fileRef = 856C4EA61B1BA6F300A68AF8 /* FaveCollectionViewCell.m */; };
		856C4EAA1B1BA83B00A68AF8 /* MapViewController.m in Sources */ = {isa = PBXBuildFile; fileRef = 856C4EA91B1BA83B00A68AF8 /* MapViewController.m */; };
		856C4EAC1B1BA85100A68AF8 /* MapKit.framework in Frameworks */ = {isa = PBXBuildFile; fileRef = 856C4EAB1B1BA85100A68AF8 /* MapKit.framework */; };
		856C4EAF1B1BAC0900A68AF8 /* InstaViewController.m in Sources */ = {isa = PBXBuildFile; fileRef = 856C4EAE1B1BAC0900A68AF8 /* InstaViewController.m */; };
		856C4EB21B1BB03B00A68AF8 /* InstaCollectionViewCell.m in Sources */ = {isa = PBXBuildFile; fileRef = 856C4EB11B1BB03B00A68AF8 /* InstaCollectionViewCell.m */; };
/* End PBXBuildFile section */

/* Begin PBXContainerItemProxy section */
		856C4E961B1BA2F700A68AF8 /* PBXContainerItemProxy */ = {
			isa = PBXContainerItemProxy;
			containerPortal = 856C4E741B1BA2F700A68AF8 /* Project object */;
			proxyType = 1;
			remoteGlobalIDString = 856C4E7B1B1BA2F700A68AF8;
			remoteInfo = InstaFaves;
		};
/* End PBXContainerItemProxy section */

/* Begin PBXFileReference section */
		8548852C1B1BBEC0001F5232 /* Picture.h */ = {isa = PBXFileReference; fileEncoding = 4; lastKnownFileType = sourcecode.c.h; path = Picture.h; sourceTree = "<group>"; };
		8548852D1B1BBEC0001F5232 /* Picture.m */ = {isa = PBXFileReference; fileEncoding = 4; lastKnownFileType = sourcecode.c.objc; path = Picture.m; sourceTree = "<group>"; };
		856C4E7C1B1BA2F700A68AF8 /* InstaFaves.app */ = {isa = PBXFileReference; explicitFileType = wrapper.application; includeInIndex = 0; path = InstaFaves.app; sourceTree = BUILT_PRODUCTS_DIR; };
		856C4E801B1BA2F700A68AF8 /* Info.plist */ = {isa = PBXFileReference; lastKnownFileType = text.plist.xml; path = Info.plist; sourceTree = "<group>"; };
		856C4E811B1BA2F700A68AF8 /* main.m */ = {isa = PBXFileReference; lastKnownFileType = sourcecode.c.objc; path = main.m; sourceTree = "<group>"; };
		856C4E831B1BA2F700A68AF8 /* AppDelegate.h */ = {isa = PBXFileReference; lastKnownFileType = sourcecode.c.h; path = AppDelegate.h; sourceTree = "<group>"; };
		856C4E841B1BA2F700A68AF8 /* AppDelegate.m */ = {isa = PBXFileReference; lastKnownFileType = sourcecode.c.objc; path = AppDelegate.m; sourceTree = "<group>"; };
		856C4E861B1BA2F700A68AF8 /* MyFaveViewController.h */ = {isa = PBXFileReference; lastKnownFileType = sourcecode.c.h; path = MyFaveViewController.h; sourceTree = "<group>"; };
		856C4E871B1BA2F700A68AF8 /* MyFaveViewController.m */ = {isa = PBXFileReference; lastKnownFileType = sourcecode.c.objc; path = MyFaveViewController.m; sourceTree = "<group>"; };
		856C4E8A1B1BA2F700A68AF8 /* Base */ = {isa = PBXFileReference; lastKnownFileType = file.storyboard; name = Base; path = Base.lproj/Main.storyboard; sourceTree = "<group>"; };
		856C4E8C1B1BA2F700A68AF8 /* Images.xcassets */ = {isa = PBXFileReference; lastKnownFileType = folder.assetcatalog; path = Images.xcassets; sourceTree = "<group>"; };
		856C4E8F1B1BA2F700A68AF8 /* Base */ = {isa = PBXFileReference; lastKnownFileType = file.xib; name = Base; path = Base.lproj/LaunchScreen.xib; sourceTree = "<group>"; };
		856C4E951B1BA2F700A68AF8 /* InstaFavesTests.xctest */ = {isa = PBXFileReference; explicitFileType = wrapper.cfbundle; includeInIndex = 0; path = InstaFavesTests.xctest; sourceTree = BUILT_PRODUCTS_DIR; };
		856C4E9A1B1BA2F700A68AF8 /* Info.plist */ = {isa = PBXFileReference; lastKnownFileType = text.plist.xml; path = Info.plist; sourceTree = "<group>"; };
		856C4E9B1B1BA2F700A68AF8 /* InstaFavesTests.m */ = {isa = PBXFileReference; lastKnownFileType = sourcecode.c.objc; path = InstaFavesTests.m; sourceTree = "<group>"; };
		856C4EA51B1BA6F300A68AF8 /* FaveCollectionViewCell.h */ = {isa = PBXFileReference; fileEncoding = 4; lastKnownFileType = sourcecode.c.h; path = FaveCollectionViewCell.h; sourceTree = "<group>"; };
		856C4EA61B1BA6F300A68AF8 /* FaveCollectionViewCell.m */ = {isa = PBXFileReference; fileEncoding = 4; lastKnownFileType = sourcecode.c.objc; path = FaveCollectionViewCell.m; sourceTree = "<group>"; };
		856C4EA81B1BA83B00A68AF8 /* MapViewController.h */ = {isa = PBXFileReference; fileEncoding = 4; lastKnownFileType = sourcecode.c.h; path = MapViewController.h; sourceTree = "<group>"; };
		856C4EA91B1BA83B00A68AF8 /* MapViewController.m */ = {isa = PBXFileReference; fileEncoding = 4; lastKnownFileType = sourcecode.c.objc; path = MapViewController.m; sourceTree = "<group>"; };
		856C4EAB1B1BA85100A68AF8 /* MapKit.framework */ = {isa = PBXFileReference; lastKnownFileType = wrapper.framework; name = MapKit.framework; path = System/Library/Frameworks/MapKit.framework; sourceTree = SDKROOT; };
		856C4EAD1B1BAC0900A68AF8 /* InstaViewController.h */ = {isa = PBXFileReference; fileEncoding = 4; lastKnownFileType = sourcecode.c.h; path = InstaViewController.h; sourceTree = "<group>"; };
		856C4EAE1B1BAC0900A68AF8 /* InstaViewController.m */ = {isa = PBXFileReference; fileEncoding = 4; lastKnownFileType = sourcecode.c.objc; path = InstaViewController.m; sourceTree = "<group>"; };
		856C4EB01B1BB03B00A68AF8 /* InstaCollectionViewCell.h */ = {isa = PBXFileReference; fileEncoding = 4; lastKnownFileType = sourcecode.c.h; path = InstaCollectionViewCell.h; sourceTree = "<group>"; };
		856C4EB11B1BB03B00A68AF8 /* InstaCollectionViewCell.m */ = {isa = PBXFileReference; fileEncoding = 4; lastKnownFileType = sourcecode.c.objc; path = InstaCollectionViewCell.m; sourceTree = "<group>"; };
/* End PBXFileReference section */

/* Begin PBXFrameworksBuildPhase section */
		856C4E791B1BA2F700A68AF8 /* Frameworks */ = {
			isa = PBXFrameworksBuildPhase;
			buildActionMask = 2147483647;
			files = (
				856C4EAC1B1BA85100A68AF8 /* MapKit.framework in Frameworks */,
			);
			runOnlyForDeploymentPostprocessing = 0;
		};
		856C4E921B1BA2F700A68AF8 /* Frameworks */ = {
			isa = PBXFrameworksBuildPhase;
			buildActionMask = 2147483647;
			files = (
			);
			runOnlyForDeploymentPostprocessing = 0;
		};
/* End PBXFrameworksBuildPhase section */

/* Begin PBXGroup section */
		856C4E731B1BA2F700A68AF8 = {
			isa = PBXGroup;
			children = (
				856C4EAB1B1BA85100A68AF8 /* MapKit.framework */,
				856C4E7E1B1BA2F700A68AF8 /* InstaFaves */,
				856C4E981B1BA2F700A68AF8 /* InstaFavesTests */,
				856C4E7D1B1BA2F700A68AF8 /* Products */,
			);
			sourceTree = "<group>";
		};
		856C4E7D1B1BA2F700A68AF8 /* Products */ = {
			isa = PBXGroup;
			children = (
				856C4E7C1B1BA2F700A68AF8 /* InstaFaves.app */,
				856C4E951B1BA2F700A68AF8 /* InstaFavesTests.xctest */,
			);
			name = Products;
			sourceTree = "<group>";
		};
		856C4E7E1B1BA2F700A68AF8 /* InstaFaves */ = {
			isa = PBXGroup;
			children = (
				856C4E831B1BA2F700A68AF8 /* AppDelegate.h */,
				856C4E841B1BA2F700A68AF8 /* AppDelegate.m */,
				8548852C1B1BBEC0001F5232 /* Picture.h */,
				8548852D1B1BBEC0001F5232 /* Picture.m */,
				856C4E861B1BA2F700A68AF8 /* MyFaveViewController.h */,
				856C4E871B1BA2F700A68AF8 /* MyFaveViewController.m */,
				856C4EA51B1BA6F300A68AF8 /* FaveCollectionViewCell.h */,
				856C4EA61B1BA6F300A68AF8 /* FaveCollectionViewCell.m */,
				856C4EAD1B1BAC0900A68AF8 /* InstaViewController.h */,
				856C4EAE1B1BAC0900A68AF8 /* InstaViewController.m */,
				856C4EB01B1BB03B00A68AF8 /* InstaCollectionViewCell.h */,
				856C4EB11B1BB03B00A68AF8 /* InstaCollectionViewCell.m */,
				856C4E891B1BA2F700A68AF8 /* Main.storyboard */,
				856C4EA81B1BA83B00A68AF8 /* MapViewController.h */,
				856C4EA91B1BA83B00A68AF8 /* MapViewController.m */,
				856C4E8C1B1BA2F700A68AF8 /* Images.xcassets */,
				856C4E8E1B1BA2F700A68AF8 /* LaunchScreen.xib */,
				856C4E7F1B1BA2F700A68AF8 /* Supporting Files */,
			);
			path = InstaFaves;
			sourceTree = "<group>";
		};
		856C4E7F1B1BA2F700A68AF8 /* Supporting Files */ = {
			isa = PBXGroup;
			children = (
				856C4E801B1BA2F700A68AF8 /* Info.plist */,
				856C4E811B1BA2F700A68AF8 /* main.m */,
			);
			name = "Supporting Files";
			sourceTree = "<group>";
		};
		856C4E981B1BA2F700A68AF8 /* InstaFavesTests */ = {
			isa = PBXGroup;
			children = (
				856C4E9B1B1BA2F700A68AF8 /* InstaFavesTests.m */,
				856C4E991B1BA2F700A68AF8 /* Supporting Files */,
			);
			path = InstaFavesTests;
			sourceTree = "<group>";
		};
		856C4E991B1BA2F700A68AF8 /* Supporting Files */ = {
			isa = PBXGroup;
			children = (
				856C4E9A1B1BA2F700A68AF8 /* Info.plist */,
			);
			name = "Supporting Files";
			sourceTree = "<group>";
		};
/* End PBXGroup section */

/* Begin PBXNativeTarget section */
		856C4E7B1B1BA2F700A68AF8 /* InstaFaves */ = {
			isa = PBXNativeTarget;
			buildConfigurationList = 856C4E9F1B1BA2F700A68AF8 /* Build configuration list for PBXNativeTarget "InstaFaves" */;
			buildPhases = (
				856C4E781B1BA2F700A68AF8 /* Sources */,
				856C4E791B1BA2F700A68AF8 /* Frameworks */,
				856C4E7A1B1BA2F700A68AF8 /* Resources */,
			);
			buildRules = (
			);
			dependencies = (
			);
			name = InstaFaves;
			productName = InstaFaves;
			productReference = 856C4E7C1B1BA2F700A68AF8 /* InstaFaves.app */;
			productType = "com.apple.product-type.application";
		};
		856C4E941B1BA2F700A68AF8 /* InstaFavesTests */ = {
			isa = PBXNativeTarget;
			buildConfigurationList = 856C4EA21B1BA2F700A68AF8 /* Build configuration list for PBXNativeTarget "InstaFavesTests" */;
			buildPhases = (
				856C4E911B1BA2F700A68AF8 /* Sources */,
				856C4E921B1BA2F700A68AF8 /* Frameworks */,
				856C4E931B1BA2F700A68AF8 /* Resources */,
			);
			buildRules = (
			);
			dependencies = (
				856C4E971B1BA2F700A68AF8 /* PBXTargetDependency */,
			);
			name = InstaFavesTests;
			productName = InstaFavesTests;
			productReference = 856C4E951B1BA2F700A68AF8 /* InstaFavesTests.xctest */;
			productType = "com.apple.product-type.bundle.unit-test";
		};
/* End PBXNativeTarget section */

/* Begin PBXProject section */
		856C4E741B1BA2F700A68AF8 /* Project object */ = {
			isa = PBXProject;
			attributes = {
				LastUpgradeCheck = 0630;
				ORGANIZATIONNAME = "Husein Kareem";
				TargetAttributes = {
					856C4E7B1B1BA2F700A68AF8 = {
						CreatedOnToolsVersion = 6.3.1;
					};
					856C4E941B1BA2F700A68AF8 = {
						CreatedOnToolsVersion = 6.3.1;
						TestTargetID = 856C4E7B1B1BA2F700A68AF8;
					};
				};
			};
			buildConfigurationList = 856C4E771B1BA2F700A68AF8 /* Build configuration list for PBXProject "InstaFaves" */;
			compatibilityVersion = "Xcode 3.2";
			developmentRegion = English;
			hasScannedForEncodings = 0;
			knownRegions = (
				en,
				Base,
			);
			mainGroup = 856C4E731B1BA2F700A68AF8;
			productRefGroup = 856C4E7D1B1BA2F700A68AF8 /* Products */;
			projectDirPath = "";
			projectRoot = "";
			targets = (
				856C4E7B1B1BA2F700A68AF8 /* InstaFaves */,
				856C4E941B1BA2F700A68AF8 /* InstaFavesTests */,
			);
		};
/* End PBXProject section */

/* Begin PBXResourcesBuildPhase section */
		856C4E7A1B1BA2F700A68AF8 /* Resources */ = {
			isa = PBXResourcesBuildPhase;
			buildActionMask = 2147483647;
			files = (
				856C4E8B1B1BA2F700A68AF8 /* Main.storyboard in Resources */,
				856C4E901B1BA2F700A68AF8 /* LaunchScreen.xib in Resources */,
				856C4E8D1B1BA2F700A68AF8 /* Images.xcassets in Resources */,
			);
			runOnlyForDeploymentPostprocessing = 0;
		};
		856C4E931B1BA2F700A68AF8 /* Resources */ = {
			isa = PBXResourcesBuildPhase;
			buildActionMask = 2147483647;
			files = (
			);
			runOnlyForDeploymentPostprocessing = 0;
		};
/* End PBXResourcesBuildPhase section */

/* Begin PBXSourcesBuildPhase section */
		856C4E781B1BA2F700A68AF8 /* Sources */ = {
			isa = PBXSourcesBuildPhase;
			buildActionMask = 2147483647;
			files = (
				8548852E1B1BBEC0001F5232 /* Picture.m in Sources */,
				856C4EA71B1BA6F300A68AF8 /* FaveCollectionViewCell.m in Sources */,
				856C4E881B1BA2F700A68AF8 /* MyFaveViewController.m in Sources */,
				856C4EAA1B1BA83B00A68AF8 /* MapViewController.m in Sources */,
				856C4E851B1BA2F700A68AF8 /* AppDelegate.m in Sources */,
				856C4EAF1B1BAC0900A68AF8 /* InstaViewController.m in Sources */,
				856C4E821B1BA2F700A68AF8 /* main.m in Sources */,
				856C4EB21B1BB03B00A68AF8 /* InstaCollectionViewCell.m in Sources */,
			);
			runOnlyForDeploymentPostprocessing = 0;
		};
		856C4E911B1BA2F700A68AF8 /* Sources */ = {
			isa = PBXSourcesBuildPhase;
			buildActionMask = 2147483647;
			files = (
				856C4E9C1B1BA2F700A68AF8 /* InstaFavesTests.m in Sources */,
			);
			runOnlyForDeploymentPostprocessing = 0;
		};
/* End PBXSourcesBuildPhase section */

/* Begin PBXTargetDependency section */
		856C4E971B1BA2F700A68AF8 /* PBXTargetDependency */ = {
			isa = PBXTargetDependency;
			target = 856C4E7B1B1BA2F700A68AF8 /* InstaFaves */;
			targetProxy = 856C4E961B1BA2F700A68AF8 /* PBXContainerItemProxy */;
		};
/* End PBXTargetDependency section */

/* Begin PBXVariantGroup section */
		856C4E891B1BA2F700A68AF8 /* Main.storyboard */ = {
			isa = PBXVariantGroup;
			children = (
				856C4E8A1B1BA2F700A68AF8 /* Base */,
			);
			name = Main.storyboard;
			sourceTree = "<group>";
		};
		856C4E8E1B1BA2F700A68AF8 /* LaunchScreen.xib */ = {
			isa = PBXVariantGroup;
			children = (
				856C4E8F1B1BA2F700A68AF8 /* Base */,
			);
			name = LaunchScreen.xib;
			sourceTree = "<group>";
		};
/* End PBXVariantGroup section */

/* Begin XCBuildConfiguration section */
		856C4E9D1B1BA2F700A68AF8 /* Debug */ = {
			isa = XCBuildConfiguration;
			buildSettings = {
				ALWAYS_SEARCH_USER_PATHS = NO;
				CLANG_CXX_LANGUAGE_STANDARD = "gnu++0x";
				CLANG_CXX_LIBRARY = "libc++";
				CLANG_ENABLE_MODULES = YES;
				CLANG_ENABLE_OBJC_ARC = YES;
				CLANG_WARN_BOOL_CONVERSION = YES;
				CLANG_WARN_CONSTANT_CONVERSION = YES;
				CLANG_WARN_DIRECT_OBJC_ISA_USAGE = YES_ERROR;
				CLANG_WARN_EMPTY_BODY = YES;
				CLANG_WARN_ENUM_CONVERSION = YES;
				CLANG_WARN_INT_CONVERSION = YES;
				CLANG_WARN_OBJC_ROOT_CLASS = YES_ERROR;
				CLANG_WARN_UNREACHABLE_CODE = YES;
				CLANG_WARN__DUPLICATE_METHOD_MATCH = YES;
				"CODE_SIGN_IDENTITY[sdk=iphoneos*]" = "iPhone Developer";
				COPY_PHASE_STRIP = NO;
				DEBUG_INFORMATION_FORMAT = "dwarf-with-dsym";
				ENABLE_STRICT_OBJC_MSGSEND = YES;
				GCC_C_LANGUAGE_STANDARD = gnu99;
				GCC_DYNAMIC_NO_PIC = NO;
				GCC_NO_COMMON_BLOCKS = YES;
				GCC_OPTIMIZATION_LEVEL = 0;
				GCC_PREPROCESSOR_DEFINITIONS = (
					"DEBUG=1",
					"$(inherited)",
				);
				GCC_SYMBOLS_PRIVATE_EXTERN = NO;
				GCC_WARN_64_TO_32_BIT_CONVERSION = YES;
				GCC_WARN_ABOUT_RETURN_TYPE = YES_ERROR;
				GCC_WARN_UNDECLARED_SELECTOR = YES;
				GCC_WARN_UNINITIALIZED_AUTOS = YES_AGGRESSIVE;
				GCC_WARN_UNUSED_FUNCTION = YES;
				GCC_WARN_UNUSED_VARIABLE = YES;
				IPHONEOS_DEPLOYMENT_TARGET = 8.3;
				MTL_ENABLE_DEBUG_INFO = YES;
				ONLY_ACTIVE_ARCH = YES;
				SDKROOT = iphoneos;
			};
			name = Debug;
		};
		856C4E9E1B1BA2F700A68AF8 /* Release */ = {
			isa = XCBuildConfiguration;
			buildSettings = {
				ALWAYS_SEARCH_USER_PATHS = NO;
				CLANG_CXX_LANGUAGE_STANDARD = "gnu++0x";
				CLANG_CXX_LIBRARY = "libc++";
				CLANG_ENABLE_MODULES = YES;
				CLANG_ENABLE_OBJC_ARC = YES;
				CLANG_WARN_BOOL_CONVERSION = YES;
				CLANG_WARN_CONSTANT_CONVERSION = YES;
				CLANG_WARN_DIRECT_OBJC_ISA_USAGE = YES_ERROR;
				CLANG_WARN_EMPTY_BODY = YES;
				CLANG_WARN_ENUM_CONVERSION = YES;
				CLANG_WARN_INT_CONVERSION = YES;
				CLANG_WARN_OBJC_ROOT_CLASS = YES_ERROR;
				CLANG_WARN_UNREACHABLE_CODE = YES;
				CLANG_WARN__DUPLICATE_METHOD_MATCH = YES;
				"CODE_SIGN_IDENTITY[sdk=iphoneos*]" = "iPhone Developer";
				COPY_PHASE_STRIP = NO;
				DEBUG_INFORMATION_FORMAT = "dwarf-with-dsym";
				ENABLE_NS_ASSERTIONS = NO;
				ENABLE_STRICT_OBJC_MSGSEND = YES;
				GCC_C_LANGUAGE_STANDARD = gnu99;
				GCC_NO_COMMON_BLOCKS = YES;
				GCC_WARN_64_TO_32_BIT_CONVERSION = YES;
				GCC_WARN_ABOUT_RETURN_TYPE = YES_ERROR;
				GCC_WARN_UNDECLARED_SELECTOR = YES;
				GCC_WARN_UNINITIALIZED_AUTOS = YES_AGGRESSIVE;
				GCC_WARN_UNUSED_FUNCTION = YES;
				GCC_WARN_UNUSED_VARIABLE = YES;
				IPHONEOS_DEPLOYMENT_TARGET = 8.3;
				MTL_ENABLE_DEBUG_INFO = NO;
				SDKROOT = iphoneos;
				VALIDATE_PRODUCT = YES;
			};
			name = Release;
		};
		856C4EA01B1BA2F700A68AF8 /* Debug */ = {
			isa = XCBuildConfiguration;
			buildSettings = {
				ASSETCATALOG_COMPILER_APPICON_NAME = AppIcon;
				INFOPLIST_FILE = InstaFaves/Info.plist;
				LD_RUNPATH_SEARCH_PATHS = "$(inherited) @executable_path/Frameworks";
				PRODUCT_NAME = "$(TARGET_NAME)";
			};
			name = Debug;
		};
		856C4EA11B1BA2F700A68AF8 /* Release */ = {
			isa = XCBuildConfiguration;
			buildSettings = {
				ASSETCATALOG_COMPILER_APPICON_NAME = AppIcon;
				INFOPLIST_FILE = InstaFaves/Info.plist;
				LD_RUNPATH_SEARCH_PATHS = "$(inherited) @executable_path/Frameworks";
				PRODUCT_NAME = "$(TARGET_NAME)";
			};
			name = Release;
		};
		856C4EA31B1BA2F700A68AF8 /* Debug */ = {
			isa = XCBuildConfiguration;
			buildSettings = {
				BUNDLE_LOADER = "$(TEST_HOST)";
				FRAMEWORK_SEARCH_PATHS = (
					"$(SDKROOT)/Developer/Library/Frameworks",
					"$(inherited)",
				);
				GCC_PREPROCESSOR_DEFINITIONS = (
					"DEBUG=1",
					"$(inherited)",
				);
				INFOPLIST_FILE = InstaFavesTests/Info.plist;
				LD_RUNPATH_SEARCH_PATHS = "$(inherited) @executable_path/Frameworks @loader_path/Frameworks";
				PRODUCT_NAME = "$(TARGET_NAME)";
				TEST_HOST = "$(BUILT_PRODUCTS_DIR)/InstaFaves.app/InstaFaves";
			};
			name = Debug;
		};
		856C4EA41B1BA2F700A68AF8 /* Release */ = {
			isa = XCBuildConfiguration;
			buildSettings = {
				BUNDLE_LOADER = "$(TEST_HOST)";
				FRAMEWORK_SEARCH_PATHS = (
					"$(SDKROOT)/Developer/Library/Frameworks",
					"$(inherited)",
				);
				INFOPLIST_FILE = InstaFavesTests/Info.plist;
				LD_RUNPATH_SEARCH_PATHS = "$(inherited) @executable_path/Frameworks @loader_path/Frameworks";
				PRODUCT_NAME = "$(TARGET_NAME)";
				TEST_HOST = "$(BUILT_PRODUCTS_DIR)/InstaFaves.app/InstaFaves";
			};
			name = Release;
		};
/* End XCBuildConfiguration section */

/* Begin XCConfigurationList section */
		856C4E771B1BA2F700A68AF8 /* Build configuration list for PBXProject "InstaFaves" */ = {
			isa = XCConfigurationList;
			buildConfigurations = (
				856C4E9D1B1BA2F700A68AF8 /* Debug */,
				856C4E9E1B1BA2F700A68AF8 /* Release */,
			);
			defaultConfigurationIsVisible = 0;
			defaultConfigurationName = Release;
		};
		856C4E9F1B1BA2F700A68AF8 /* Build configuration list for PBXNativeTarget "InstaFaves" */ = {
			isa = XCConfigurationList;
			buildConfigurations = (
				856C4EA01B1BA2F700A68AF8 /* Debug */,
				856C4EA11B1BA2F700A68AF8 /* Release */,
			);
			defaultConfigurationIsVisible = 0;
			defaultConfigurationName = Release;
		};
		856C4EA21B1BA2F700A68AF8 /* Build configuration list for PBXNativeTarget "InstaFavesTests" */ = {
			isa = XCConfigurationList;
			buildConfigurations = (
				856C4EA31B1BA2F700A68AF8 /* Debug */,
				856C4EA41B1BA2F700A68AF8 /* Release */,
			);
			defaultConfigurationIsVisible = 0;
			defaultConfigurationName = Release;
		};
/* End XCConfigurationList section */
	};
	rootObject = 856C4E741B1BA2F700A68AF8 /* Project object */;
}
